
Microsoft Visual Studio Solution File, Format Version 12.00
# Visual Studio Version 17
VisualStudioVersion = 17.5.002.0
MinimumVisualStudioVersion = 10.0.40219.1
Project("{9A19103F-16F7-4668-BE54-9A1E7A4F7556}") = "PostmanClient", "PostmanClient\PostmanClient.csproj", "{4D57ED75-5EF5-4AB6-902F-80AE21BB4741}"
EndProject
Project("{9A19103F-16F7-4668-BE54-9A1E7A4F7556}") = "Example", "Example\Example.csproj", "{9B467295-ED56-4C91-A8BD-90D1A5C6C96E}"
EndProject
Global
	GlobalSection(SolutionConfigurationPlatforms) = preSolution
		Debug|Any CPU = Debug|Any CPU
		Release|Any CPU = Release|Any CPU
	EndGlobalSection
	GlobalSection(ProjectConfigurationPlatforms) = postSolution
		{4D57ED75-5EF5-4AB6-902F-80AE21BB4741}.Debug|Any CPU.ActiveCfg = Debug|Any CPU
		{4D57ED75-5EF5-4AB6-902F-80AE21BB4741}.Debug|Any CPU.Build.0 = Debug|Any CPU
		{4D57ED75-5EF5-4AB6-902F-80AE21BB4741}.Release|Any CPU.ActiveCfg = Release|Any CPU
		{4D57ED75-5EF5-4AB6-902F-80AE21BB4741}.Release|Any CPU.Build.0 = Release|Any CPU
		{9B467295-ED56-4C91-A8BD-90D1A5C6C96E}.Debug|Any CPU.ActiveCfg = Debug|Any CPU
		{9B467295-ED56-4C91-A8BD-90D1A5C6C96E}.Debug|Any CPU.Build.0 = Debug|Any CPU
		{9B467295-ED56-4C91-A8BD-90D1A5C6C96E}.Release|Any CPU.ActiveCfg = Release|Any CPU
		{9B467295-ED56-4C91-A8BD-90D1A5C6C96E}.Release|Any CPU.Build.0 = Release|Any CPU
	EndGlobalSection
	GlobalSection(SolutionProperties) = preSolution
		HideSolutionNode = FALSE
	EndGlobalSection
	GlobalSection(ExtensibilityGlobals) = postSolution
		SolutionGuid = {FFEB4FCA-0A06-49D0-A263-9209D3444538}
	EndGlobalSection
EndGlobal
